// !$*UTF8*$!
{
	archiveVersion = 1;
	classes = {
	};
	objectVersion = 50;
	objects = {

/* Begin PBXBuildFile section */
		CB2A0D4D22965D010035C6E2 /* splashScreen@2x.png in Resources */ = {isa = PBXBuildFile; fileRef = CB2A0D4A22965D010035C6E2 /* splashScreen@2x.png */; };
		CB2A0D4E22965D010035C6E2 /* splashScreen.png in Resources */ = {isa = PBXBuildFile; fileRef = CB2A0D4B22965D010035C6E2 /* splashScreen.png */; };
		CB2A0D4F22965D010035C6E2 /* splashScreen@3x.png in Resources */ = {isa = PBXBuildFile; fileRef = CB2A0D4C22965D010035C6E2 /* splashScreen@3x.png */; };
		CB4E27B0228B9225002BDD40 /* AppDelegate.swift in Sources */ = {isa = PBXBuildFile; fileRef = CB4E27AF228B9225002BDD40 /* AppDelegate.swift */; };
		CB4E27B2228B9225002BDD40 /* ViewController.swift in Sources */ = {isa = PBXBuildFile; fileRef = CB4E27B1228B9225002BDD40 /* ViewController.swift */; };
		CB4E27B5228B9225002BDD40 /* Main.storyboard in Resources */ = {isa = PBXBuildFile; fileRef = CB4E27B3228B9225002BDD40 /* Main.storyboard */; };
		CB4E27B7228B9227002BDD40 /* Assets.xcassets in Resources */ = {isa = PBXBuildFile; fileRef = CB4E27B6228B9227002BDD40 /* Assets.xcassets */; };
		CB4E27BA228B9227002BDD40 /* LaunchScreen.storyboard in Resources */ = {isa = PBXBuildFile; fileRef = CB4E27B8228B9227002BDD40 /* LaunchScreen.storyboard */; };
		CB4E27C5228B9227002BDD40 /* Jukugo_Master_2Tests.swift in Sources */ = {isa = PBXBuildFile; fileRef = CB4E27C4228B9227002BDD40 /* Jukugo_Master_2Tests.swift */; };
		CB4E27D0228B9227002BDD40 /* Jukugo_Master_2UITests.swift in Sources */ = {isa = PBXBuildFile; fileRef = CB4E27CF228B9227002BDD40 /* Jukugo_Master_2UITests.swift */; };
		CB4E27E4228B936E002BDD40 /* level2.plist in Resources */ = {isa = PBXBuildFile; fileRef = CB4E27E1228B936E002BDD40 /* level2.plist */; };
		CB4E27E5228B936E002BDD40 /* level1.plist in Resources */ = {isa = PBXBuildFile; fileRef = CB4E27E2228B936E002BDD40 /* level1.plist */; };
		CB4E27E6228B936E002BDD40 /* level3.plist in Resources */ = {isa = PBXBuildFile; fileRef = CB4E27E3228B936E002BDD40 /* level3.plist */; };
		CB4E27EC228B9433002BDD40 /* Level.swift in Sources */ = {isa = PBXBuildFile; fileRef = CB4E27EA228B9433002BDD40 /* Level.swift */; };
		CB4E27ED228B9433002BDD40 /* GameData.swift in Sources */ = {isa = PBXBuildFile; fileRef = CB4E27EB228B9433002BDD40 /* GameData.swift */; };
		CB4E27F5228B9512002BDD40 /* StopwatchView.swift in Sources */ = {isa = PBXBuildFile; fileRef = CB4E27EE228B9512002BDD40 /* StopwatchView.swift */; };
		CB4E27F6228B9512002BDD40 /* CounterLabelView.swift in Sources */ = {isa = PBXBuildFile; fileRef = CB4E27EF228B9512002BDD40 /* CounterLabelView.swift */; };
		CB4E27F7228B9512002BDD40 /* TargetView.swift in Sources */ = {isa = PBXBuildFile; fileRef = CB4E27F0228B9512002BDD40 /* TargetView.swift */; };
		CB4E27F8228B9512002BDD40 /* TileView.swift in Sources */ = {isa = PBXBuildFile; fileRef = CB4E27F1228B9512002BDD40 /* TileView.swift */; };
		CB4E27F9228B9512002BDD40 /* ExplodeView.swift in Sources */ = {isa = PBXBuildFile; fileRef = CB4E27F2228B9512002BDD40 /* ExplodeView.swift */; };
		CB4E27FA228B9512002BDD40 /* StardustView.swift in Sources */ = {isa = PBXBuildFile; fileRef = CB4E27F3228B9512002BDD40 /* StardustView.swift */; };
		CB4E27FB228B9512002BDD40 /* HUDView.swift in Sources */ = {isa = PBXBuildFile; fileRef = CB4E27F4228B9512002BDD40 /* HUDView.swift */; };
		CB4E27FE228B9568002BDD40 /* GameController.swift in Sources */ = {isa = PBXBuildFile; fileRef = CB4E27FC228B9568002BDD40 /* GameController.swift */; };
		CB4E27FF228B9568002BDD40 /* AudioController.swift in Sources */ = {isa = PBXBuildFile; fileRef = CB4E27FD228B9568002BDD40 /* AudioController.swift */; };
		CB4E2805228B961C002BDD40 /* Comic_Andy.ttf in Resources */ = {isa = PBXBuildFile; fileRef = CB4E2804228B961C002BDD40 /* Comic_Andy.ttf */; };
		CB4E2807228B9679002BDD40 /* particle.png in Resources */ = {isa = PBXBuildFile; fileRef = CB4E2806228B9679002BDD40 /* particle.png */; };
		CB4E2811228B96F8002BDD40 /* slot@2x.png in Resources */ = {isa = PBXBuildFile; fileRef = CB4E2808228B96F8002BDD40 /* slot@2x.png */; };
		CB4E2812228B96F8002BDD40 /* tile.png in Resources */ = {isa = PBXBuildFile; fileRef = CB4E2809228B96F8002BDD40 /* tile.png */; };
		CB4E2813228B96F8002BDD40 /* board.png in Resources */ = {isa = PBXBuildFile; fileRef = CB4E280A228B96F8002BDD40 /* board.png */; };
		CB4E2814228B96F8002BDD40 /* btn@2x.png in Resources */ = {isa = PBXBuildFile; fileRef = CB4E280B228B96F8002BDD40 /* btn@2x.png */; };
		CB4E2815228B96F8002BDD40 /* btn.png in Resources */ = {isa = PBXBuildFile; fileRef = CB4E280C228B96F8002BDD40 /* btn.png */; };
		CB4E2816228B96F8002BDD40 /* board@3x.png in Resources */ = {isa = PBXBuildFile; fileRef = CB4E280D228B96F8002BDD40 /* board@3x.png */; };
		CB4E2817228B96F8002BDD40 /* tile@2x.png in Resources */ = {isa = PBXBuildFile; fileRef = CB4E280E228B96F8002BDD40 /* tile@2x.png */; };
		CB4E2818228B96F8002BDD40 /* board@2x.png in Resources */ = {isa = PBXBuildFile; fileRef = CB4E280F228B96F8002BDD40 /* board@2x.png */; };
		CB4E2819228B96F8002BDD40 /* slot.png in Resources */ = {isa = PBXBuildFile; fileRef = CB4E2810228B96F8002BDD40 /* slot.png */; };
		CB4E281D228B9743002BDD40 /* win.mp3 in Resources */ = {isa = PBXBuildFile; fileRef = CB4E281A228B9743002BDD40 /* win.mp3 */; };
		CB4E281E228B9743002BDD40 /* ding.mp3 in Resources */ = {isa = PBXBuildFile; fileRef = CB4E281B228B9743002BDD40 /* ding.mp3 */; };
		CB4E281F228B9743002BDD40 /* wrong.m4a in Resources */ = {isa = PBXBuildFile; fileRef = CB4E281C228B9743002BDD40 /* wrong.m4a */; };
		CB4E2821228B9B67002BDD40 /* Config.swift in Sources */ = {isa = PBXBuildFile; fileRef = CB4E2820228B9B67002BDD40 /* Config.swift */; };
/* End PBXBuildFile section */

/* Begin PBXContainerItemProxy section */
		CB4E27C1228B9227002BDD40 /* PBXContainerItemProxy */ = {
			isa = PBXContainerItemProxy;
			containerPortal = CB4E27A4228B9225002BDD40 /* Project object */;
			proxyType = 1;
			remoteGlobalIDString = CB4E27AB228B9225002BDD40;
			remoteInfo = "Jukugo Master 2";
		};
		CB4E27CC228B9227002BDD40 /* PBXContainerItemProxy */ = {
			isa = PBXContainerItemProxy;
			containerPortal = CB4E27A4228B9225002BDD40 /* Project object */;
			proxyType = 1;
			remoteGlobalIDString = CB4E27AB228B9225002BDD40;
			remoteInfo = "Jukugo Master 2";
		};
/* End PBXContainerItemProxy section */

/* Begin PBXFileReference section */
		CB2A0D4A22965D010035C6E2 /* splashScreen@2x.png */ = {isa = PBXFileReference; lastKnownFileType = image.png; name = "splashScreen@2x.png"; path = "../../../../../Creative Cloud Files/splashScreen@2x.png"; sourceTree = "<group>"; };
		CB2A0D4B22965D010035C6E2 /* splashScreen.png */ = {isa = PBXFileReference; lastKnownFileType = image.png; name = splashScreen.png; path = "../../../../../Creative Cloud Files/splashScreen.png"; sourceTree = "<group>"; };
		CB2A0D4C22965D010035C6E2 /* splashScreen@3x.png */ = {isa = PBXFileReference; lastKnownFileType = image.png; name = "splashScreen@3x.png"; path = "../../../../../Creative Cloud Files/splashScreen@3x.png"; sourceTree = "<group>"; };
		CB4E27AC228B9225002BDD40 /* Jukugo Master 2.app */ = {isa = PBXFileReference; explicitFileType = wrapper.application; includeInIndex = 0; path = "Jukugo Master 2.app"; sourceTree = BUILT_PRODUCTS_DIR; };
		CB4E27AF228B9225002BDD40 /* AppDelegate.swift */ = {isa = PBXFileReference; lastKnownFileType = sourcecode.swift; path = AppDelegate.swift; sourceTree = "<group>"; };
		CB4E27B1228B9225002BDD40 /* ViewController.swift */ = {isa = PBXFileReference; lastKnownFileType = sourcecode.swift; path = ViewController.swift; sourceTree = "<group>"; };
		CB4E27B4228B9225002BDD40 /* Base */ = {isa = PBXFileReference; lastKnownFileType = file.storyboard; name = Base; path = Base.lproj/Main.storyboard; sourceTree = "<group>"; };
		CB4E27B6228B9227002BDD40 /* Assets.xcassets */ = {isa = PBXFileReference; lastKnownFileType = folder.assetcatalog; path = Assets.xcassets; sourceTree = "<group>"; };
		CB4E27B9228B9227002BDD40 /* Base */ = {isa = PBXFileReference; lastKnownFileType = file.storyboard; name = Base; path = Base.lproj/LaunchScreen.storyboard; sourceTree = "<group>"; };
		CB4E27BB228B9227002BDD40 /* Info.plist */ = {isa = PBXFileReference; lastKnownFileType = text.plist.xml; path = Info.plist; sourceTree = "<group>"; };
		CB4E27C0228B9227002BDD40 /* Jukugo Master 2Tests.xctest */ = {isa = PBXFileReference; explicitFileType = wrapper.cfbundle; includeInIndex = 0; path = "Jukugo Master 2Tests.xctest"; sourceTree = BUILT_PRODUCTS_DIR; };
		CB4E27C4228B9227002BDD40 /* Jukugo_Master_2Tests.swift */ = {isa = PBXFileReference; lastKnownFileType = sourcecode.swift; path = Jukugo_Master_2Tests.swift; sourceTree = "<group>"; };
		CB4E27C6228B9227002BDD40 /* Info.plist */ = {isa = PBXFileReference; lastKnownFileType = text.plist.xml; path = Info.plist; sourceTree = "<group>"; };
		CB4E27CB228B9227002BDD40 /* Jukugo Master 2UITests.xctest */ = {isa = PBXFileReference; explicitFileType = wrapper.cfbundle; includeInIndex = 0; path = "Jukugo Master 2UITests.xctest"; sourceTree = BUILT_PRODUCTS_DIR; };
		CB4E27CF228B9227002BDD40 /* Jukugo_Master_2UITests.swift */ = {isa = PBXFileReference; lastKnownFileType = sourcecode.swift; path = Jukugo_Master_2UITests.swift; sourceTree = "<group>"; };
		CB4E27D1228B9227002BDD40 /* Info.plist */ = {isa = PBXFileReference; lastKnownFileType = text.plist.xml; path = Info.plist; sourceTree = "<group>"; };
		CB4E27E1228B936E002BDD40 /* level2.plist */ = {isa = PBXFileReference; fileEncoding = 4; lastKnownFileType = text.plist.xml; path = level2.plist; sourceTree = "<group>"; };
		CB4E27E2228B936E002BDD40 /* level1.plist */ = {isa = PBXFileReference; fileEncoding = 4; lastKnownFileType = text.plist.xml; path = level1.plist; sourceTree = "<group>"; };
		CB4E27E3228B936E002BDD40 /* level3.plist */ = {isa = PBXFileReference; fileEncoding = 4; lastKnownFileType = text.plist.xml; path = level3.plist; sourceTree = "<group>"; };
		CB4E27EA228B9433002BDD40 /* Level.swift */ = {isa = PBXFileReference; fileEncoding = 4; lastKnownFileType = sourcecode.swift; path = Level.swift; sourceTree = "<group>"; };
		CB4E27EB228B9433002BDD40 /* GameData.swift */ = {isa = PBXFileReference; fileEncoding = 4; lastKnownFileType = sourcecode.swift; path = GameData.swift; sourceTree = "<group>"; };
		CB4E27EE228B9512002BDD40 /* StopwatchView.swift */ = {isa = PBXFileReference; fileEncoding = 4; lastKnownFileType = sourcecode.swift; path = StopwatchView.swift; sourceTree = "<group>"; };
		CB4E27EF228B9512002BDD40 /* CounterLabelView.swift */ = {isa = PBXFileReference; fileEncoding = 4; lastKnownFileType = sourcecode.swift; path = CounterLabelView.swift; sourceTree = "<group>"; };
		CB4E27F0228B9512002BDD40 /* TargetView.swift */ = {isa = PBXFileReference; fileEncoding = 4; lastKnownFileType = sourcecode.swift; path = TargetView.swift; sourceTree = "<group>"; };
		CB4E27F1228B9512002BDD40 /* TileView.swift */ = {isa = PBXFileReference; fileEncoding = 4; lastKnownFileType = sourcecode.swift; path = TileView.swift; sourceTree = "<group>"; };
		CB4E27F2228B9512002BDD40 /* ExplodeView.swift */ = {isa = PBXFileReference; fileEncoding = 4; lastKnownFileType = sourcecode.swift; path = ExplodeView.swift; sourceTree = "<group>"; };
		CB4E27F3228B9512002BDD40 /* StardustView.swift */ = {isa = PBXFileReference; fileEncoding = 4; lastKnownFileType = sourcecode.swift; path = StardustView.swift; sourceTree = "<group>"; };
		CB4E27F4228B9512002BDD40 /* HUDView.swift */ = {isa = PBXFileReference; fileEncoding = 4; lastKnownFileType = sourcecode.swift; path = HUDView.swift; sourceTree = "<group>"; };
		CB4E27FC228B9568002BDD40 /* GameController.swift */ = {isa = PBXFileReference; fileEncoding = 4; lastKnownFileType = sourcecode.swift; path = GameController.swift; sourceTree = "<group>"; };
		CB4E27FD228B9568002BDD40 /* AudioController.swift */ = {isa = PBXFileReference; fileEncoding = 4; lastKnownFileType = sourcecode.swift; path = AudioController.swift; sourceTree = "<group>"; };
		CB4E2804228B961C002BDD40 /* Comic_Andy.ttf */ = {isa = PBXFileReference; lastKnownFileType = file; path = Comic_Andy.ttf; sourceTree = "<group>"; };
		CB4E2806228B9679002BDD40 /* particle.png */ = {isa = PBXFileReference; lastKnownFileType = image.png; name = particle.png; path = "Jukugo Master 2/Assets/Particles/particle.png"; sourceTree = SOURCE_ROOT; };
		CB4E2808228B96F8002BDD40 /* slot@2x.png */ = {isa = PBXFileReference; lastKnownFileType = image.png; path = "slot@2x.png"; sourceTree = "<group>"; };
		CB4E2809228B96F8002BDD40 /* tile.png */ = {isa = PBXFileReference; lastKnownFileType = image.png; path = tile.png; sourceTree = "<group>"; };
		CB4E280A228B96F8002BDD40 /* board.png */ = {isa = PBXFileReference; lastKnownFileType = image.png; path = board.png; sourceTree = "<group>"; };
		CB4E280B228B96F8002BDD40 /* btn@2x.png */ = {isa = PBXFileReference; lastKnownFileType = image.png; path = "btn@2x.png"; sourceTree = "<group>"; };
		CB4E280C228B96F8002BDD40 /* btn.png */ = {isa = PBXFileReference; lastKnownFileType = image.png; path = btn.png; sourceTree = "<group>"; };
		CB4E280D228B96F8002BDD40 /* board@3x.png */ = {isa = PBXFileReference; lastKnownFileType = image.png; path = "board@3x.png"; sourceTree = "<group>"; };
		CB4E280E228B96F8002BDD40 /* tile@2x.png */ = {isa = PBXFileReference; lastKnownFileType = image.png; path = "tile@2x.png"; sourceTree = "<group>"; };
		CB4E280F228B96F8002BDD40 /* board@2x.png */ = {isa = PBXFileReference; lastKnownFileType = image.png; path = "board@2x.png"; sourceTree = "<group>"; };
		CB4E2810228B96F8002BDD40 /* slot.png */ = {isa = PBXFileReference; lastKnownFileType = image.png; path = slot.png; sourceTree = "<group>"; };
		CB4E281A228B9743002BDD40 /* win.mp3 */ = {isa = PBXFileReference; lastKnownFileType = audio.mp3; path = win.mp3; sourceTree = "<group>"; };
		CB4E281B228B9743002BDD40 /* ding.mp3 */ = {isa = PBXFileReference; lastKnownFileType = audio.mp3; path = ding.mp3; sourceTree = "<group>"; };
		CB4E281C228B9743002BDD40 /* wrong.m4a */ = {isa = PBXFileReference; lastKnownFileType = file; path = wrong.m4a; sourceTree = "<group>"; };
		CB4E2820228B9B67002BDD40 /* Config.swift */ = {isa = PBXFileReference; fileEncoding = 4; lastKnownFileType = sourcecode.swift; path = Config.swift; sourceTree = "<group>"; };
/* End PBXFileReference section */

/* Begin PBXFrameworksBuildPhase section */
		CB4E27A9228B9225002BDD40 /* Frameworks */ = {
			isa = PBXFrameworksBuildPhase;
			buildActionMask = 2147483647;
			files = (
			);
			runOnlyForDeploymentPostprocessing = 0;
		};
		CB4E27BD228B9227002BDD40 /* Frameworks */ = {
			isa = PBXFrameworksBuildPhase;
			buildActionMask = 2147483647;
			files = (
			);
			runOnlyForDeploymentPostprocessing = 0;
		};
		CB4E27C8228B9227002BDD40 /* Frameworks */ = {
			isa = PBXFrameworksBuildPhase;
			buildActionMask = 2147483647;
			files = (
			);
			runOnlyForDeploymentPostprocessing = 0;
		};
/* End PBXFrameworksBuildPhase section */

/* Begin PBXGroup section */
		CB4E27A3228B9225002BDD40 = {
			isa = PBXGroup;
			children = (
				CB4E27AE228B9225002BDD40 /* Jukugo Master 2 */,
				CB4E27C3228B9227002BDD40 /* Jukugo Master 2Tests */,
				CB4E27CE228B9227002BDD40 /* Jukugo Master 2UITests */,
				CB4E27AD228B9225002BDD40 /* Products */,
			);
			sourceTree = "<group>";
		};
		CB4E27AD228B9225002BDD40 /* Products */ = {
			isa = PBXGroup;
			children = (
				CB4E27AC228B9225002BDD40 /* Jukugo Master 2.app */,
				CB4E27C0228B9227002BDD40 /* Jukugo Master 2Tests.xctest */,
				CB4E27CB228B9227002BDD40 /* Jukugo Master 2UITests.xctest */,
			);
			name = Products;
			sourceTree = "<group>";
		};
		CB4E27AE228B9225002BDD40 /* Jukugo Master 2 */ = {
			isa = PBXGroup;
			children = (
				CB4E27AF228B9225002BDD40 /* AppDelegate.swift */,
				CB4E27E0228B92D0002BDD40 /* Assets */,
				CB4E27B6228B9227002BDD40 /* Assets.xcassets */,
				CB4E27DF228B92B3002BDD40 /* Classes */,
				CB4E2820228B9B67002BDD40 /* Config.swift */,
				CB4E27BB228B9227002BDD40 /* Info.plist */,
				CB4E27B8228B9227002BDD40 /* LaunchScreen.storyboard */,
				CB4E27DD228B9294002BDD40 /* Levels */,
				CB4E27B3228B9225002BDD40 /* Main.storyboard */,
				CB4E27B1228B9225002BDD40 /* ViewController.swift */,
			);
			path = "Jukugo Master 2";
			sourceTree = "<group>";
		};
		CB4E27C3228B9227002BDD40 /* Jukugo Master 2Tests */ = {
			isa = PBXGroup;
			children = (
				CB4E27C4228B9227002BDD40 /* Jukugo_Master_2Tests.swift */,
				CB4E27C6228B9227002BDD40 /* Info.plist */,
			);
			path = "Jukugo Master 2Tests";
			sourceTree = "<group>";
		};
		CB4E27CE228B9227002BDD40 /* Jukugo Master 2UITests */ = {
			isa = PBXGroup;
			children = (
				CB4E27CF228B9227002BDD40 /* Jukugo_Master_2UITests.swift */,
				CB4E27D1228B9227002BDD40 /* Info.plist */,
			);
			path = "Jukugo Master 2UITests";
			sourceTree = "<group>";
		};
		CB4E27DD228B9294002BDD40 /* Levels */ = {
			isa = PBXGroup;
			children = (
				CB4E27E2228B936E002BDD40 /* level1.plist */,
				CB4E27E1228B936E002BDD40 /* level2.plist */,
				CB4E27E3228B936E002BDD40 /* level3.plist */,
			);
			path = Levels;
			sourceTree = "<group>";
		};
		CB4E27DF228B92B3002BDD40 /* Classes */ = {
			isa = PBXGroup;
			children = (
				CB4E27E9228B93C6002BDD40 /* Controllers */,
				CB4E27E8228B93BB002BDD40 /* Views */,
				CB4E27E7228B93B0002BDD40 /* Models */,
			);
			path = Classes;
			sourceTree = "<group>";
		};
		CB4E27E0228B92D0002BDD40 /* Assets */ = {
			isa = PBXGroup;
			children = (
				CB4E2801228B95C3002BDD40 /* Audio */,
				CB4E2803228B95D4002BDD40 /* Fonts */,
				CB4E2800228B95B8002BDD40 /* Images */,
				CB4E2802228B95CC002BDD40 /* Particles */,
			);
			path = Assets;
			sourceTree = "<group>";
		};
		CB4E27E7228B93B0002BDD40 /* Models */ = {
			isa = PBXGroup;
			children = (
				CB4E27EB228B9433002BDD40 /* GameData.swift */,
				CB4E27EA228B9433002BDD40 /* Level.swift */,
			);
			path = Models;
			sourceTree = "<group>";
		};
		CB4E27E8228B93BB002BDD40 /* Views */ = {
			isa = PBXGroup;
			children = (
				CB4E27EF228B9512002BDD40 /* CounterLabelView.swift */,
				CB4E27F2228B9512002BDD40 /* ExplodeView.swift */,
				CB4E27F4228B9512002BDD40 /* HUDView.swift */,
				CB4E27F3228B9512002BDD40 /* StardustView.swift */,
				CB4E27EE228B9512002BDD40 /* StopwatchView.swift */,
				CB4E27F0228B9512002BDD40 /* TargetView.swift */,
				CB4E27F1228B9512002BDD40 /* TileView.swift */,
			);
			path = Views;
			sourceTree = "<group>";
		};
		CB4E27E9228B93C6002BDD40 /* Controllers */ = {
			isa = PBXGroup;
			children = (
				CB4E27FD228B9568002BDD40 /* AudioController.swift */,
				CB4E27FC228B9568002BDD40 /* GameController.swift */,
			);
			path = Controllers;
			sourceTree = "<group>";
		};
		CB4E2800228B95B8002BDD40 /* Images */ = {
			isa = PBXGroup;
			children = (
				CB2A0D4B22965D010035C6E2 /* splashScreen.png */,
				CB2A0D4A22965D010035C6E2 /* splashScreen@2x.png */,
				CB2A0D4C22965D010035C6E2 /* splashScreen@3x.png */,
				CB4E280A228B96F8002BDD40 /* board.png */,
				CB4E280F228B96F8002BDD40 /* board@2x.png */,
				CB4E280D228B96F8002BDD40 /* board@3x.png */,
				CB4E280C228B96F8002BDD40 /* btn.png */,
				CB4E280B228B96F8002BDD40 /* btn@2x.png */,
				CB4E2810228B96F8002BDD40 /* slot.png */,
				CB4E2808228B96F8002BDD40 /* slot@2x.png */,
				CB4E2809228B96F8002BDD40 /* tile.png */,
				CB4E280E228B96F8002BDD40 /* tile@2x.png */,
			);
			path = Images;
			sourceTree = "<group>";
		};
		CB4E2801228B95C3002BDD40 /* Audio */ = {
			isa = PBXGroup;
			children = (
				CB4E281B228B9743002BDD40 /* ding.mp3 */,
				CB4E281A228B9743002BDD40 /* win.mp3 */,
				CB4E281C228B9743002BDD40 /* wrong.m4a */,
			);
			path = Audio;
			sourceTree = "<group>";
		};
		CB4E2802228B95CC002BDD40 /* Particles */ = {
			isa = PBXGroup;
			children = (
				CB4E2806228B9679002BDD40 /* particle.png */,
			);
			path = Particles;
			sourceTree = "<group>";
		};
		CB4E2803228B95D4002BDD40 /* Fonts */ = {
			isa = PBXGroup;
			children = (
				CB4E2804228B961C002BDD40 /* Comic_Andy.ttf */,
			);
			path = Fonts;
			sourceTree = "<group>";
		};
/* End PBXGroup section */

/* Begin PBXNativeTarget section */
		CB4E27AB228B9225002BDD40 /* Jukugo Master 2 */ = {
			isa = PBXNativeTarget;
			buildConfigurationList = CB4E27D4228B9227002BDD40 /* Build configuration list for PBXNativeTarget "Jukugo Master 2" */;
			buildPhases = (
				CB4E27A8228B9225002BDD40 /* Sources */,
				CB4E27A9228B9225002BDD40 /* Frameworks */,
				CB4E27AA228B9225002BDD40 /* Resources */,
			);
			buildRules = (
			);
			dependencies = (
			);
			name = "Jukugo Master 2";
			productName = "Jukugo Master 2";
			productReference = CB4E27AC228B9225002BDD40 /* Jukugo Master 2.app */;
			productType = "com.apple.product-type.application";
		};
		CB4E27BF228B9227002BDD40 /* Jukugo Master 2Tests */ = {
			isa = PBXNativeTarget;
			buildConfigurationList = CB4E27D7228B9227002BDD40 /* Build configuration list for PBXNativeTarget "Jukugo Master 2Tests" */;
			buildPhases = (
				CB4E27BC228B9227002BDD40 /* Sources */,
				CB4E27BD228B9227002BDD40 /* Frameworks */,
				CB4E27BE228B9227002BDD40 /* Resources */,
			);
			buildRules = (
			);
			dependencies = (
				CB4E27C2228B9227002BDD40 /* PBXTargetDependency */,
			);
			name = "Jukugo Master 2Tests";
			productName = "Jukugo Master 2Tests";
			productReference = CB4E27C0228B9227002BDD40 /* Jukugo Master 2Tests.xctest */;
			productType = "com.apple.product-type.bundle.unit-test";
		};
		CB4E27CA228B9227002BDD40 /* Jukugo Master 2UITests */ = {
			isa = PBXNativeTarget;
			buildConfigurationList = CB4E27DA228B9227002BDD40 /* Build configuration list for PBXNativeTarget "Jukugo Master 2UITests" */;
			buildPhases = (
				CB4E27C7228B9227002BDD40 /* Sources */,
				CB4E27C8228B9227002BDD40 /* Frameworks */,
				CB4E27C9228B9227002BDD40 /* Resources */,
			);
			buildRules = (
			);
			dependencies = (
				CB4E27CD228B9227002BDD40 /* PBXTargetDependency */,
			);
			name = "Jukugo Master 2UITests";
			productName = "Jukugo Master 2UITests";
			productReference = CB4E27CB228B9227002BDD40 /* Jukugo Master 2UITests.xctest */;
			productType = "com.apple.product-type.bundle.ui-testing";
		};
/* End PBXNativeTarget section */

/* Begin PBXProject section */
		CB4E27A4228B9225002BDD40 /* Project object */ = {
			isa = PBXProject;
			attributes = {
				LastSwiftUpdateCheck = 1020;
				LastUpgradeCheck = 1020;
				ORGANIZATIONNAME = "Gerald F. Shields Jr.";
				TargetAttributes = {
					CB4E27AB228B9225002BDD40 = {
						CreatedOnToolsVersion = 10.2.1;
					};
					CB4E27BF228B9227002BDD40 = {
						CreatedOnToolsVersion = 10.2.1;
						TestTargetID = CB4E27AB228B9225002BDD40;
					};
					CB4E27CA228B9227002BDD40 = {
						CreatedOnToolsVersion = 10.2.1;
						TestTargetID = CB4E27AB228B9225002BDD40;
					};
				};
			};
			buildConfigurationList = CB4E27A7228B9225002BDD40 /* Build configuration list for PBXProject "Jukugo Master 2" */;
			compatibilityVersion = "Xcode 9.3";
			developmentRegion = en;
			hasScannedForEncodings = 0;
			knownRegions = (
				en,
				Base,
			);
			mainGroup = CB4E27A3228B9225002BDD40;
			productRefGroup = CB4E27AD228B9225002BDD40 /* Products */;
			projectDirPath = "";
			projectRoot = "";
			targets = (
				CB4E27AB228B9225002BDD40 /* Jukugo Master 2 */,
				CB4E27BF228B9227002BDD40 /* Jukugo Master 2Tests */,
				CB4E27CA228B9227002BDD40 /* Jukugo Master 2UITests */,
			);
		};
/* End PBXProject section */

/* Begin PBXResourcesBuildPhase section */
		CB4E27AA228B9225002BDD40 /* Resources */ = {
			isa = PBXResourcesBuildPhase;
			buildActionMask = 2147483647;
			files = (
				CB4E2819228B96F8002BDD40 /* slot.png in Resources */,
				CB4E2813228B96F8002BDD40 /* board.png in Resources */,
				CB4E2818228B96F8002BDD40 /* board@2x.png in Resources */,
				CB4E27E4228B936E002BDD40 /* level2.plist in Resources */,
				CB4E2817228B96F8002BDD40 /* tile@2x.png in Resources */,
				CB2A0D4E22965D010035C6E2 /* splashScreen.png in Resources */,
				CB4E2812228B96F8002BDD40 /* tile.png in Resources */,
				CB4E27BA228B9227002BDD40 /* LaunchScreen.storyboard in Resources */,
				CB4E27E5228B936E002BDD40 /* level1.plist in Resources */,
				CB4E2807228B9679002BDD40 /* particle.png in Resources */,
				CB4E281D228B9743002BDD40 /* win.mp3 in Resources */,
				CB2A0D4F22965D010035C6E2 /* splashScreen@3x.png in Resources */,
				CB4E2805228B961C002BDD40 /* Comic_Andy.ttf in Resources */,
				CB4E2814228B96F8002BDD40 /* btn@2x.png in Resources */,
				CB4E2815228B96F8002BDD40 /* btn.png in Resources */,
				CB4E2811228B96F8002BDD40 /* slot@2x.png in Resources */,
				CB4E2816228B96F8002BDD40 /* board@3x.png in Resources */,
				CB4E27E6228B936E002BDD40 /* level3.plist in Resources */,
				CB2A0D4D22965D010035C6E2 /* splashScreen@2x.png in Resources */,
				CB4E27B7228B9227002BDD40 /* Assets.xcassets in Resources */,
				CB4E281E228B9743002BDD40 /* ding.mp3 in Resources */,
				CB4E281F228B9743002BDD40 /* wrong.m4a in Resources */,
				CB4E27B5228B9225002BDD40 /* Main.storyboard in Resources */,
			);
			runOnlyForDeploymentPostprocessing = 0;
		};
		CB4E27BE228B9227002BDD40 /* Resources */ = {
			isa = PBXResourcesBuildPhase;
			buildActionMask = 2147483647;
			files = (
			);
			runOnlyForDeploymentPostprocessing = 0;
		};
		CB4E27C9228B9227002BDD40 /* Resources */ = {
			isa = PBXResourcesBuildPhase;
			buildActionMask = 2147483647;
			files = (
			);
			runOnlyForDeploymentPostprocessing = 0;
		};
/* End PBXResourcesBuildPhase section */

/* Begin PBXSourcesBuildPhase section */
		CB4E27A8228B9225002BDD40 /* Sources */ = {
			isa = PBXSourcesBuildPhase;
			buildActionMask = 2147483647;
			files = (
				CB4E27F9228B9512002BDD40 /* ExplodeView.swift in Sources */,
				CB4E27FE228B9568002BDD40 /* GameController.swift in Sources */,
				CB4E27F6228B9512002BDD40 /* CounterLabelView.swift in Sources */,
				CB4E2821228B9B67002BDD40 /* Config.swift in Sources */,
				CB4E27FA228B9512002BDD40 /* StardustView.swift in Sources */,
				CB4E27EC228B9433002BDD40 /* Level.swift in Sources */,
				CB4E27F8228B9512002BDD40 /* TileView.swift in Sources */,
				CB4E27ED228B9433002BDD40 /* GameData.swift in Sources */,
				CB4E27FB228B9512002BDD40 /* HUDView.swift in Sources */,
				CB4E27B2228B9225002BDD40 /* ViewController.swift in Sources */,
				CB4E27F5228B9512002BDD40 /* StopwatchView.swift in Sources */,
				CB4E27B0228B9225002BDD40 /* AppDelegate.swift in Sources */,
				CB4E27FF228B9568002BDD40 /* AudioController.swift in Sources */,
				CB4E27F7228B9512002BDD40 /* TargetView.swift in Sources */,
			);
			runOnlyForDeploymentPostprocessing = 0;
		};
		CB4E27BC228B9227002BDD40 /* Sources */ = {
			isa = PBXSourcesBuildPhase;
			buildActionMask = 2147483647;
			files = (
				CB4E27C5228B9227002BDD40 /* Jukugo_Master_2Tests.swift in Sources */,
			);
			runOnlyForDeploymentPostprocessing = 0;
		};
		CB4E27C7228B9227002BDD40 /* Sources */ = {
			isa = PBXSourcesBuildPhase;
			buildActionMask = 2147483647;
			files = (
				CB4E27D0228B9227002BDD40 /* Jukugo_Master_2UITests.swift in Sources */,
			);
			runOnlyForDeploymentPostprocessing = 0;
		};
/* End PBXSourcesBuildPhase section */

/* Begin PBXTargetDependency section */
		CB4E27C2228B9227002BDD40 /* PBXTargetDependency */ = {
			isa = PBXTargetDependency;
			target = CB4E27AB228B9225002BDD40 /* Jukugo Master 2 */;
			targetProxy = CB4E27C1228B9227002BDD40 /* PBXContainerItemProxy */;
		};
		CB4E27CD228B9227002BDD40 /* PBXTargetDependency */ = {
			isa = PBXTargetDependency;
			target = CB4E27AB228B9225002BDD40 /* Jukugo Master 2 */;
			targetProxy = CB4E27CC228B9227002BDD40 /* PBXContainerItemProxy */;
		};
/* End PBXTargetDependency section */

/* Begin PBXVariantGroup section */
		CB4E27B3228B9225002BDD40 /* Main.storyboard */ = {
			isa = PBXVariantGroup;
			children = (
				CB4E27B4228B9225002BDD40 /* Base */,
			);
			name = Main.storyboard;
			sourceTree = "<group>";
		};
		CB4E27B8228B9227002BDD40 /* LaunchScreen.storyboard */ = {
			isa = PBXVariantGroup;
			children = (
				CB4E27B9228B9227002BDD40 /* Base */,
			);
			name = LaunchScreen.storyboard;
			sourceTree = "<group>";
		};
/* End PBXVariantGroup section */

/* Begin XCBuildConfiguration section */
		CB4E27D2228B9227002BDD40 /* Debug */ = {
			isa = XCBuildConfiguration;
			buildSettings = {
				ALWAYS_SEARCH_USER_PATHS = NO;
				CLANG_ANALYZER_NONNULL = YES;
				CLANG_ANALYZER_NUMBER_OBJECT_CONVERSION = YES_AGGRESSIVE;
				CLANG_CXX_LANGUAGE_STANDARD = "gnu++14";
				CLANG_CXX_LIBRARY = "libc++";
				CLANG_ENABLE_MODULES = YES;
				CLANG_ENABLE_OBJC_ARC = YES;
				CLANG_ENABLE_OBJC_WEAK = YES;
				CLANG_WARN_BLOCK_CAPTURE_AUTORELEASING = YES;
				CLANG_WARN_BOOL_CONVERSION = YES;
				CLANG_WARN_COMMA = YES;
				CLANG_WARN_CONSTANT_CONVERSION = YES;
				CLANG_WARN_DEPRECATED_OBJC_IMPLEMENTATIONS = YES;
				CLANG_WARN_DIRECT_OBJC_ISA_USAGE = YES_ERROR;
				CLANG_WARN_DOCUMENTATION_COMMENTS = YES;
				CLANG_WARN_EMPTY_BODY = YES;
				CLANG_WARN_ENUM_CONVERSION = YES;
				CLANG_WARN_INFINITE_RECURSION = YES;
				CLANG_WARN_INT_CONVERSION = YES;
				CLANG_WARN_NON_LITERAL_NULL_CONVERSION = YES;
				CLANG_WARN_OBJC_IMPLICIT_RETAIN_SELF = YES;
				CLANG_WARN_OBJC_LITERAL_CONVERSION = YES;
				CLANG_WARN_OBJC_ROOT_CLASS = YES_ERROR;
				CLANG_WARN_RANGE_LOOP_ANALYSIS = YES;
				CLANG_WARN_STRICT_PROTOTYPES = YES;
				CLANG_WARN_SUSPICIOUS_MOVE = YES;
				CLANG_WARN_UNGUARDED_AVAILABILITY = YES_AGGRESSIVE;
				CLANG_WARN_UNREACHABLE_CODE = YES;
				CLANG_WARN__DUPLICATE_METHOD_MATCH = YES;
				CODE_SIGN_IDENTITY = "iPhone Developer";
				COPY_PHASE_STRIP = NO;
				DEBUG_INFORMATION_FORMAT = dwarf;
				ENABLE_STRICT_OBJC_MSGSEND = YES;
				ENABLE_TESTABILITY = YES;
				GCC_C_LANGUAGE_STANDARD = gnu11;
				GCC_DYNAMIC_NO_PIC = NO;
				GCC_NO_COMMON_BLOCKS = YES;
				GCC_OPTIMIZATION_LEVEL = 0;
				GCC_PREPROCESSOR_DEFINITIONS = (
					"DEBUG=1",
					"$(inherited)",
				);
				GCC_WARN_64_TO_32_BIT_CONVERSION = YES;
				GCC_WARN_ABOUT_RETURN_TYPE = YES_ERROR;
				GCC_WARN_UNDECLARED_SELECTOR = YES;
				GCC_WARN_UNINITIALIZED_AUTOS = YES_AGGRESSIVE;
				GCC_WARN_UNUSED_FUNCTION = YES;
				GCC_WARN_UNUSED_VARIABLE = YES;
				IPHONEOS_DEPLOYMENT_TARGET = 12.2;
				MTL_ENABLE_DEBUG_INFO = INCLUDE_SOURCE;
				MTL_FAST_MATH = YES;
				ONLY_ACTIVE_ARCH = YES;
				SDKROOT = iphoneos;
				SWIFT_ACTIVE_COMPILATION_CONDITIONS = DEBUG;
				SWIFT_OPTIMIZATION_LEVEL = "-Onone";
			};
			name = Debug;
		};
		CB4E27D3228B9227002BDD40 /* Release */ = {
			isa = XCBuildConfiguration;
			buildSettings = {
				ALWAYS_SEARCH_USER_PATHS = NO;
				CLANG_ANALYZER_NONNULL = YES;
				CLANG_ANALYZER_NUMBER_OBJECT_CONVERSION = YES_AGGRESSIVE;
				CLANG_CXX_LANGUAGE_STANDARD = "gnu++14";
				CLANG_CXX_LIBRARY = "libc++";
				CLANG_ENABLE_MODULES = YES;
				CLANG_ENABLE_OBJC_ARC = YES;
				CLANG_ENABLE_OBJC_WEAK = YES;
				CLANG_WARN_BLOCK_CAPTURE_AUTORELEASING = YES;
				CLANG_WARN_BOOL_CONVERSION = YES;
				CLANG_WARN_COMMA = YES;
				CLANG_WARN_CONSTANT_CONVERSION = YES;
				CLANG_WARN_DEPRECATED_OBJC_IMPLEMENTATIONS = YES;
				CLANG_WARN_DIRECT_OBJC_ISA_USAGE = YES_ERROR;
				CLANG_WARN_DOCUMENTATION_COMMENTS = YES;
				CLANG_WARN_EMPTY_BODY = YES;
				CLANG_WARN_ENUM_CONVERSION = YES;
				CLANG_WARN_INFINITE_RECURSION = YES;
				CLANG_WARN_INT_CONVERSION = YES;
				CLANG_WARN_NON_LITERAL_NULL_CONVERSION = YES;
				CLANG_WARN_OBJC_IMPLICIT_RETAIN_SELF = YES;
				CLANG_WARN_OBJC_LITERAL_CONVERSION = YES;
				CLANG_WARN_OBJC_ROOT_CLASS = YES_ERROR;
				CLANG_WARN_RANGE_LOOP_ANALYSIS = YES;
				CLANG_WARN_STRICT_PROTOTYPES = YES;
				CLANG_WARN_SUSPICIOUS_MOVE = YES;
				CLANG_WARN_UNGUARDED_AVAILABILITY = YES_AGGRESSIVE;
				CLANG_WARN_UNREACHABLE_CODE = YES;
				CLANG_WARN__DUPLICATE_METHOD_MATCH = YES;
				CODE_SIGN_IDENTITY = "iPhone Developer";
				COPY_PHASE_STRIP = NO;
				DEBUG_INFORMATION_FORMAT = "dwarf-with-dsym";
				ENABLE_NS_ASSERTIONS = NO;
				ENABLE_STRICT_OBJC_MSGSEND = YES;
				GCC_C_LANGUAGE_STANDARD = gnu11;
				GCC_NO_COMMON_BLOCKS = YES;
				GCC_WARN_64_TO_32_BIT_CONVERSION = YES;
				GCC_WARN_ABOUT_RETURN_TYPE = YES_ERROR;
				GCC_WARN_UNDECLARED_SELECTOR = YES;
				GCC_WARN_UNINITIALIZED_AUTOS = YES_AGGRESSIVE;
				GCC_WARN_UNUSED_FUNCTION = YES;
				GCC_WARN_UNUSED_VARIABLE = YES;
				IPHONEOS_DEPLOYMENT_TARGET = 12.2;
				MTL_ENABLE_DEBUG_INFO = NO;
				MTL_FAST_MATH = YES;
				SDKROOT = iphoneos;
				SWIFT_COMPILATION_MODE = wholemodule;
				SWIFT_OPTIMIZATION_LEVEL = "-O";
				VALIDATE_PRODUCT = YES;
			};
			name = Release;
		};
		CB4E27D5228B9227002BDD40 /* Debug */ = {
			isa = XCBuildConfiguration;
			buildSettings = {
				ASSETCATALOG_COMPILER_APPICON_NAME = AppIcon;
				CODE_SIGN_STYLE = Automatic;
				DEVELOPMENT_TEAM = H92GAQ5MQY;
				INFOPLIST_FILE = "Jukugo Master 2/Info.plist";
				LD_RUNPATH_SEARCH_PATHS = (
					"$(inherited)",
					"@executable_path/Frameworks",
				);
				PRODUCT_BUNDLE_IDENTIFIER = "com.geraldshields.Jukugo-Master-2";
				PRODUCT_NAME = "$(TARGET_NAME)";
				SWIFT_VERSION = 5.0;
				TARGETED_DEVICE_FAMILY = 2;
			};
			name = Debug;
		};
		CB4E27D6228B9227002BDD40 /* Release */ = {
			isa = XCBuildConfiguration;
			buildSettings = {
				ASSETCATALOG_COMPILER_APPICON_NAME = AppIcon;
				CODE_SIGN_STYLE = Automatic;
				DEVELOPMENT_TEAM = H92GAQ5MQY;
				INFOPLIST_FILE = "Jukugo Master 2/Info.plist";
				LD_RUNPATH_SEARCH_PATHS = (
					"$(inherited)",
					"@executable_path/Frameworks",
				);
				PRODUCT_BUNDLE_IDENTIFIER = "com.geraldshields.Jukugo-Master-2";
				PRODUCT_NAME = "$(TARGET_NAME)";
				SWIFT_VERSION = 5.0;
				TARGETED_DEVICE_FAMILY = 2;
			};
			name = Release;
		};
		CB4E27D8228B9227002BDD40 /* Debug */ = {
			isa = XCBuildConfiguration;
			buildSettings = {
				ALWAYS_EMBED_SWIFT_STANDARD_LIBRARIES = YES;
				BUNDLE_LOADER = "$(TEST_HOST)";
				CODE_SIGN_STYLE = Automatic;
				DEVELOPMENT_TEAM = H92GAQ5MQY;
				INFOPLIST_FILE = "Jukugo Master 2Tests/Info.plist";
				LD_RUNPATH_SEARCH_PATHS = (
					"$(inherited)",
					"@executable_path/Frameworks",
					"@loader_path/Frameworks",
				);
				PRODUCT_BUNDLE_IDENTIFIER = "gerald.shields.Jukugo-Master-2Tests";
				PRODUCT_NAME = "$(TARGET_NAME)";
				SWIFT_VERSION = 5.0;
				TARGETED_DEVICE_FAMILY = "1,2";
				TEST_HOST = "$(BUILT_PRODUCTS_DIR)/Jukugo Master 2.app/Jukugo Master 2";
			};
			name = Debug;
		};
		CB4E27D9228B9227002BDD40 /* Release */ = {
			isa = XCBuildConfiguration;
			buildSettings = {
				ALWAYS_EMBED_SWIFT_STANDARD_LIBRARIES = YES;
				BUNDLE_LOADER = "$(TEST_HOST)";
				CODE_SIGN_STYLE = Automatic;
				DEVELOPMENT_TEAM = H92GAQ5MQY;
				INFOPLIST_FILE = "Jukugo Master 2Tests/Info.plist";
				LD_RUNPATH_SEARCH_PATHS = (
					"$(inherited)",
					"@executable_path/Frameworks",
					"@loader_path/Frameworks",
				);
				PRODUCT_BUNDLE_IDENTIFIER = "gerald.shields.Jukugo-Master-2Tests";
				PRODUCT_NAME = "$(TARGET_NAME)";
				SWIFT_VERSION = 5.0;
				TARGETED_DEVICE_FAMILY = "1,2";
				TEST_HOST = "$(BUILT_PRODUCTS_DIR)/Jukugo Master 2.app/Jukugo Master 2";
			};
			name = Release;
		};
		CB4E27DB228B9227002BDD40 /* Debug */ = {
			isa = XCBuildConfiguration;
			buildSettings = {
				ALWAYS_EMBED_SWIFT_STANDARD_LIBRARIES = YES;
				CODE_SIGN_STYLE = Automatic;
				DEVELOPMENT_TEAM = H92GAQ5MQY;
				INFOPLIST_FILE = "Jukugo Master 2UITests/Info.plist";
				LD_RUNPATH_SEARCH_PATHS = (
					"$(inherited)",
					"@executable_path/Frameworks",
					"@loader_path/Frameworks",
				);
				PRODUCT_BUNDLE_IDENTIFIER = "gerald.shields.Jukugo-Master-2UITests";
				PRODUCT_NAME = "$(TARGET_NAME)";
				SWIFT_VERSION = 5.0;
				TARGETED_DEVICE_FAMILY = "1,2";
				TEST_TARGET_NAME = "Jukugo Master 2";
			};
			name = Debug;
		};
		CB4E27DC228B9227002BDD40 /* Release */ = {
			isa = XCBuildConfiguration;
			buildSettings = {
				ALWAYS_EMBED_SWIFT_STANDARD_LIBRARIES = YES;
				CODE_SIGN_STYLE = Automatic;
				DEVELOPMENT_TEAM = H92GAQ5MQY;
				INFOPLIST_FILE = "Jukugo Master 2UITests/Info.plist";
				LD_RUNPATH_SEARCH_PATHS = (
					"$(inherited)",
					"@executable_path/Frameworks",
					"@loader_path/Frameworks",
				);
				PRODUCT_BUNDLE_IDENTIFIER = "gerald.shields.Jukugo-Master-2UITests";
				PRODUCT_NAME = "$(TARGET_NAME)";
				SWIFT_VERSION = 5.0;
				TARGETED_DEVICE_FAMILY = "1,2";
				TEST_TARGET_NAME = "Jukugo Master 2";
			};
			name = Release;
		};
/* End XCBuildConfiguration section */

/* Begin XCConfigurationList section */
		CB4E27A7228B9225002BDD40 /* Build configuration list for PBXProject "Jukugo Master 2" */ = {
			isa = XCConfigurationList;
			buildConfigurations = (
				CB4E27D2228B9227002BDD40 /* Debug */,
				CB4E27D3228B9227002BDD40 /* Release */,
			);
			defaultConfigurationIsVisible = 0;
			defaultConfigurationName = Release;
		};
		CB4E27D4228B9227002BDD40 /* Build configuration list for PBXNativeTarget "Jukugo Master 2" */ = {
			isa = XCConfigurationList;
			buildConfigurations = (
				CB4E27D5228B9227002BDD40 /* Debug */,
				CB4E27D6228B9227002BDD40 /* Release */,
			);
			defaultConfigurationIsVisible = 0;
			defaultConfigurationName = Release;
		};
		CB4E27D7228B9227002BDD40 /* Build configuration list for PBXNativeTarget "Jukugo Master 2Tests" */ = {
			isa = XCConfigurationList;
			buildConfigurations = (
				CB4E27D8228B9227002BDD40 /* Debug */,
				CB4E27D9228B9227002BDD40 /* Release */,
			);
			defaultConfigurationIsVisible = 0;
			defaultConfigurationName = Release;
		};
		CB4E27DA228B9227002BDD40 /* Build configuration list for PBXNativeTarget "Jukugo Master 2UITests" */ = {
			isa = XCConfigurationList;
			buildConfigurations = (
				CB4E27DB228B9227002BDD40 /* Debug */,
				CB4E27DC228B9227002BDD40 /* Release */,
			);
			defaultConfigurationIsVisible = 0;
			defaultConfigurationName = Release;
		};
/* End XCConfigurationList section */
	};
	rootObject = CB4E27A4228B9225002BDD40 /* Project object */;
}
